
Microsoft Visual Studio Solution File, Format Version 12.00
# Visual Studio Version 16
VisualStudioVersion = 16.0.31624.102
MinimumVisualStudioVersion = 10.0.40219.1
Project("{FAE04EC0-301F-11D3-BF4B-00C04F79EFBC}") = "MoodAnalyzerAppWithCore", "MoodAnalyzerAppWithCore\MoodAnalyzerAppWithCore.csproj", "{C179C5BC-134F-444B-8BFB-01D7FA77C239}"
EndProject
Project("{FAE04EC0-301F-11D3-BF4B-00C04F79EFBC}") = "MoodAnalyzerMSTestWithCore", "MoodAnalyzerMSTestWithCore\MoodAnalyzerMSTestWithCore.csproj", "{2CE5196F-C28B-4B7A-9BC5-5F587504370B}"
EndProject
Global
	GlobalSection(SolutionConfigurationPlatforms) = preSolution
		Debug|Any CPU = Debug|Any CPU
		Release|Any CPU = Release|Any CPU
	EndGlobalSection
	GlobalSection(ProjectConfigurationPlatforms) = postSolution
		{C179C5BC-134F-444B-8BFB-01D7FA77C239}.Debug|Any CPU.ActiveCfg = Debug|Any CPU
		{C179C5BC-134F-444B-8BFB-01D7FA77C239}.Debug|Any CPU.Build.0 = Debug|Any CPU
		{C179C5BC-134F-444B-8BFB-01D7FA77C239}.Release|Any CPU.ActiveCfg = Release|Any CPU
		{C179C5BC-134F-444B-8BFB-01D7FA77C239}.Release|Any CPU.Build.0 = Release|Any CPU
		{2CE5196F-C28B-4B7A-9BC5-5F587504370B}.Debug|Any CPU.ActiveCfg = Debug|Any CPU
		{2CE5196F-C28B-4B7A-9BC5-5F587504370B}.Debug|Any CPU.Build.0 = Debug|Any CPU
		{2CE5196F-C28B-4B7A-9BC5-5F587504370B}.Release|Any CPU.ActiveCfg = Release|Any CPU
		{2CE5196F-C28B-4B7A-9BC5-5F587504370B}.Release|Any CPU.Build.0 = Release|Any CPU
	EndGlobalSection
	GlobalSection(SolutionProperties) = preSolution
		HideSolutionNode = FALSE
	EndGlobalSection
	GlobalSection(ExtensibilityGlobals) = postSolution
		SolutionGuid = {58953D99-D164-408C-B946-EAB50211B582}
	EndGlobalSection
EndGlobal
